
Microsoft Visual Studio Solution File, Format Version 12.00
# Visual Studio Version 16
VisualStudioVersion = 16.0.30104.148
MinimumVisualStudioVersion = 10.0.40219.1
Project("{FAE04EC0-301F-11D3-BF4B-00C04F79EFBC}") = "CSharpBasics", "CSharpBasics\CSharpBasics.csproj", "{CC206B1C-6AA5-4D86-8297-72A963405B56}"
EndProject
Global
	GlobalSection(SolutionConfigurationPlatforms) = preSolution
		Debug|Any CPU = Debug|Any CPU
		Release|Any CPU = Release|Any CPU
	EndGlobalSection
	GlobalSection(ProjectConfigurationPlatforms) = postSolution
		{CC206B1C-6AA5-4D86-8297-72A963405B56}.Debug|Any CPU.ActiveCfg = Debug|Any CPU
		{CC206B1C-6AA5-4D86-8297-72A963405B56}.Debug|Any CPU.Build.0 = Debug|Any CPU
		{CC206B1C-6AA5-4D86-8297-72A963405B56}.Release|Any CPU.ActiveCfg = Release|Any CPU
		{CC206B1C-6AA5-4D86-8297-72A963405B56}.Release|Any CPU.Build.0 = Release|Any CPU
	EndGlobalSection
	GlobalSection(SolutionProperties) = preSolution
		HideSolutionNode = FALSE
	EndGlobalSection
	GlobalSection(ExtensibilityGlobals) = postSolution
		SolutionGuid = {C210ADDB-651E-4F03-BD49-E459366FB00B}
	EndGlobalSection
EndGlobal
