
Microsoft Visual Studio Solution File, Format Version 12.00
# Visual Studio Version 16
VisualStudioVersion = 16.0.31005.135
MinimumVisualStudioVersion = 10.0.40219.1
Project("{FAE04EC0-301F-11D3-BF4B-00C04F79EFBC}") = "AboutProject", "AboutProject.csproj", "{FB8D0A59-ACB3-4602-9AD0-EC7DA3B98BA9}"
EndProject
Global
	GlobalSection(SolutionConfigurationPlatforms) = preSolution
		Debug|Any CPU = Debug|Any CPU
		Release|Any CPU = Release|Any CPU
	EndGlobalSection
	GlobalSection(ProjectConfigurationPlatforms) = postSolution
		{FB8D0A59-ACB3-4602-9AD0-EC7DA3B98BA9}.Debug|Any CPU.ActiveCfg = Debug|Any CPU
		{FB8D0A59-ACB3-4602-9AD0-EC7DA3B98BA9}.Debug|Any CPU.Build.0 = Debug|Any CPU
		{FB8D0A59-ACB3-4602-9AD0-EC7DA3B98BA9}.Release|Any CPU.ActiveCfg = Release|Any CPU
		{FB8D0A59-ACB3-4602-9AD0-EC7DA3B98BA9}.Release|Any CPU.Build.0 = Release|Any CPU
	EndGlobalSection
	GlobalSection(SolutionProperties) = preSolution
		HideSolutionNode = FALSE
	EndGlobalSection
	GlobalSection(ExtensibilityGlobals) = postSolution
		SolutionGuid = {42ED102E-3E65-445D-B823-755D34CA9B22}
	EndGlobalSection
EndGlobal
